
Microsoft Visual Studio Solution File, Format Version 12.00
# Visual Studio Version 16
VisualStudioVersion = 16.0.29709.97
MinimumVisualStudioVersion = 10.0.40219.1
Project("{8BC9CEB8-8B4A-11D0-8D11-00A0C91BC942}") = "More_Exercises", "More_Exercises.vcxproj", "{BC447366-F657-45BB-99A1-41F4688DA60F}"
EndProject
Global
	GlobalSection(SolutionConfigurationPlatforms) = preSolution
		Debug|x64 = Debug|x64
		Debug|x86 = Debug|x86
		Release|x64 = Release|x64
		Release|x86 = Release|x86
	EndGlobalSection
	GlobalSection(ProjectConfigurationPlatforms) = postSolution
		{BC447366-F657-45BB-99A1-41F4688DA60F}.Debug|x64.ActiveCfg = Debug|x64
		{BC447366-F657-45BB-99A1-41F4688DA60F}.Debug|x64.Build.0 = Debug|x64
		{BC447366-F657-45BB-99A1-41F4688DA60F}.Debug|x86.ActiveCfg = Debug|Win32
		{BC447366-F657-45BB-99A1-41F4688DA60F}.Debug|x86.Build.0 = Debug|Win32
		{BC447366-F657-45BB-99A1-41F4688DA60F}.Release|x64.ActiveCfg = Release|x64
		{BC447366-F657-45BB-99A1-41F4688DA60F}.Release|x64.Build.0 = Release|x64
		{BC447366-F657-45BB-99A1-41F4688DA60F}.Release|x86.ActiveCfg = Release|Win32
		{BC447366-F657-45BB-99A1-41F4688DA60F}.Release|x86.Build.0 = Release|Win32
	EndGlobalSection
	GlobalSection(SolutionProperties) = preSolution
		HideSolutionNode = FALSE
	EndGlobalSection
	GlobalSection(ExtensibilityGlobals) = postSolution
		SolutionGuid = {9538DD53-6A45-47F0-8DD4-434E7D338851}
	EndGlobalSection
EndGlobal
